{
  "version": 4,
  "terraform_version": "1.5.2",
  "serial": 37,
  "lineage": "1a32f63d-e3ff-1f78-e134-46cae7a295f9",
  "outputs": {
    "public_ip_address": {
      "value": "35.225.181.65",
      "type": "string"
    }
  },
  "resources": [
    {
      "mode": "data",
      "type": "google_compute_zones",
      "name": "available_zones",
      "provider": "provider[\"registry.terraform.io/hashicorp/google\"]",
      "instances": [
        {
          "schema_version": 0,
          "attributes": {
            "id": "projects/lively-vim-391621/regions/us-central1",
            "names": [
              "us-central1-a",
              "us-central1-b",
              "us-central1-c",
              "us-central1-f"
            ],
            "project": "lively-vim-391621",
            "region": "us-central1",
            "status": null
          },
          "sensitive_attributes": []
        }
      ]
    },
    {
      "mode": "managed",
      "type": "google_compute_address",
      "name": "static",
      "provider": "provider[\"registry.terraform.io/hashicorp/google\"]",
      "instances": [
        {
          "schema_version": 0,
          "attributes": {
            "address": "35.225.181.65",
            "address_type": "EXTERNAL",
            "creation_timestamp": "2023-07-04T13:59:24.769-07:00",
            "description": "",
            "id": "projects/lively-vim-391621/regions/us-central1/addresses/apache",
            "name": "apache",
            "network": "",
            "network_tier": "PREMIUM",
            "prefix_length": 0,
            "project": "lively-vim-391621",
            "purpose": "",
            "region": "us-central1",
            "self_link": "https://www.googleapis.com/compute/v1/projects/lively-vim-391621/regions/us-central1/addresses/apache",
            "subnetwork": "",
            "timeouts": null,
            "users": []
          },
          "sensitive_attributes": [],
          "private": "eyJlMmJmYjczMC1lY2FhLTExZTYtOGY4OC0zNDM2M2JjN2M0YzAiOnsiY3JlYXRlIjoyNDAwMDAwMDAwMDAsImRlbGV0ZSI6MjQwMDAwMDAwMDAwfX0="
        }
      ]
    },
    {
      "mode": "managed",
      "type": "google_compute_firewall",
      "name": "allow_http",
      "provider": "provider[\"registry.terraform.io/hashicorp/google\"]",
      "instances": [
        {
          "schema_version": 1,
          "attributes": {
            "allow": [
              {
                "ports": [
                  "80"
                ],
                "protocol": "tcp"
              }
            ],
            "creation_timestamp": "2023-07-04T13:59:23.041-07:00",
            "deny": [],
            "description": "",
            "destination_ranges": [],
            "direction": "INGRESS",
            "disabled": false,
            "enable_logging": null,
            "id": "projects/lively-vim-391621/global/firewalls/allow-http-rule",
            "log_config": [],
            "name": "allow-http-rule",
            "network": "https://www.googleapis.com/compute/v1/projects/lively-vim-391621/global/networks/default",
            "priority": 1000,
            "project": "lively-vim-391621",
            "self_link": "https://www.googleapis.com/compute/v1/projects/lively-vim-391621/global/firewalls/allow-http-rule",
            "source_ranges": [
              "0.0.0.0/0"
            ],
            "source_service_accounts": [],
            "source_tags": [],
            "target_service_accounts": [],
            "target_tags": [
              "allow-http"
            ],
            "timeouts": null
          },
          "sensitive_attributes": [],
          "private": "eyJlMmJmYjczMC1lY2FhLTExZTYtOGY4OC0zNDM2M2JjN2M0YzAiOnsiY3JlYXRlIjoyNDAwMDAwMDAwMDAsImRlbGV0ZSI6MjQwMDAwMDAwMDAwLCJ1cGRhdGUiOjI0MDAwMDAwMDAwMH0sInNjaGVtYV92ZXJzaW9uIjoiMSJ9"
        }
      ]
    },
    {
      "mode": "managed",
      "type": "google_compute_instance",
      "name": "apache",
      "provider": "provider[\"registry.terraform.io/hashicorp/google\"]",
      "instances": [
        {
          "schema_version": 6,
          "attributes": {
            "advanced_machine_features": [],
            "allow_stopping_for_update": null,
            "attached_disk": [],
            "boot_disk": [
              {
                "auto_delete": true,
                "device_name": "persistent-disk-0",
                "disk_encryption_key_raw": "",
                "disk_encryption_key_sha256": "",
                "initialize_params": [
                  {
                    "image": "https://www.googleapis.com/compute/v1/projects/debian-cloud/global/images/debian-11-bullseye-v20230629",
                    "labels": {},
                    "size": 10,
                    "type": "pd-standard"
                  }
                ],
                "kms_key_self_link": "",
                "mode": "READ_WRITE",
                "source": "https://www.googleapis.com/compute/v1/projects/lively-vim-391621/zones/us-central1-a/disks/apache"
              }
            ],
            "can_ip_forward": false,
            "confidential_instance_config": [],
            "cpu_platform": "Intel Broadwell",
            "current_status": "RUNNING",
            "deletion_protection": false,
            "description": "",
            "desired_status": null,
            "enable_display": false,
            "guest_accelerator": [],
            "hostname": "",
            "id": "projects/lively-vim-391621/zones/us-central1-a/instances/apache",
            "instance_id": "7381439666857778057",
            "label_fingerprint": "42WmSpB8rSM=",
            "labels": null,
            "machine_type": "e2-micro",
            "metadata": null,
            "metadata_fingerprint": "_dpgBXwahkw=",
            "metadata_startup_script": "#! /bin/bash\napt update\napt -y install apache2\ncat \u003c\u003cEOF \u003e /var/www/html/index.html\n\u003c!DOCTYPE html\u003e\n\u003chtml\u003e\n\u003chead\u003e\n    \u003ctitle\u003eHello Accenture!\u003c/title\u003e\n    \u003cstyle\u003e\n        body {\n            font-family: Helvetica, Arial, sans-serif;\n            background-color: #a100ff;\n            color: white;\n            margin: 0;\n            padding: 0;\n        }\n        \n        .container {\n            max-width: 1200px;\n            margin: 0 auto;\n            padding: 20px;\n            text-align: center;\n        }\n        \n        h1 {\n            color: white;\n            font-size: 30px;\n            margin-top: 20px;\n            margin-bottom: 30px;\n        }\n        \n        p {\n            font-size: 18px;\n            line-height: 1.6;\n            margin-bottom: 20px;\n        }\n        \n        .accenture-logo-container {\n            background-color: white;\n            padding: 20px;\n        }\n        \n        img.accenture-logo {\n            display: block;\n            margin: 0 auto;\n            max-width: 200px;\n            margin-bottom: 20px;\n        }\n    \u003c/style\u003e\n\u003c/head\u003e\n\u003cbody\u003e\n    \u003cdiv class=\"container\"\u003e\n        \u003cdiv class=\"accenture-logo-container\"\u003e\n            \u003cimg class=\"accenture-logo\" src=\"https://logolook.net/wp-content/uploads/2022/04/Accenture-Logo.png\" alt=\"Accenture Logo\"\u003e\n        \u003c/div\u003e\n        \u003ch1\u003eHello Accenture!\u003c/h1\u003e\n        \u003cp\u003eThank you for the opportunity to share my aspirations.\u003c/p\u003e\n        \u003cp\u003eLet's go coding and make amazing things happen! \u0026#128640;\u003c/p\u003e\n        \u003cp\u003eBy the way, did you know that Azure is like a magical unicorn compared to Google Cloud Platform? It's true! \u0026#129412;\u003c/p\u003e\n        \u003cp\u003eWishing you a fantastic rest of the day filled with success and joy!\u003c/p\u003e\n    \u003c/div\u003e\n\u003c/body\u003e\n\u003c/html\u003e\nEOF",
            "min_cpu_platform": "",
            "name": "apache",
            "network_interface": [
              {
                "access_config": [
                  {
                    "nat_ip": "35.225.181.65",
                    "network_tier": "PREMIUM",
                    "public_ptr_domain_name": ""
                  }
                ],
                "alias_ip_range": [],
                "ipv6_access_config": [],
                "ipv6_access_type": "",
                "name": "nic0",
                "network": "https://www.googleapis.com/compute/v1/projects/lively-vim-391621/global/networks/default",
                "network_ip": "10.128.0.13",
                "nic_type": "",
                "stack_type": "IPV4_ONLY",
                "subnetwork": "https://www.googleapis.com/compute/v1/projects/lively-vim-391621/regions/us-central1/subnetworks/default",
                "subnetwork_project": "lively-vim-391621"
              }
            ],
            "project": "lively-vim-391621",
            "reservation_affinity": [],
            "resource_policies": null,
            "scheduling": [
              {
                "automatic_restart": true,
                "min_node_cpus": 0,
                "node_affinities": [],
                "on_host_maintenance": "MIGRATE",
                "preemptible": false
              }
            ],
            "scratch_disk": [],
            "self_link": "https://www.googleapis.com/compute/v1/projects/lively-vim-391621/zones/us-central1-a/instances/apache",
            "service_account": [],
            "shielded_instance_config": [
              {
                "enable_integrity_monitoring": true,
                "enable_secure_boot": false,
                "enable_vtpm": true
              }
            ],
            "tags": [
              "allow-http"
            ],
            "tags_fingerprint": "6cm263NBGlo=",
            "timeouts": null,
            "zone": "us-central1-a"
          },
          "sensitive_attributes": [],
          "private": "eyJlMmJmYjczMC1lY2FhLTExZTYtOGY4OC0zNDM2M2JjN2M0YzAiOnsiY3JlYXRlIjoxMjAwMDAwMDAwMDAwLCJkZWxldGUiOjEyMDAwMDAwMDAwMDAsInVwZGF0ZSI6MTIwMDAwMDAwMDAwMH0sInNjaGVtYV92ZXJzaW9uIjoiNiJ9",
          "dependencies": [
            "data.google_compute_zones.available_zones",
            "google_compute_address.static"
          ]
        }
      ]
    }
  ],
  "check_results": null
}
